
Microsoft Visual Studio Solution File, Format Version 12.00
# Visual Studio Version 17
VisualStudioVersion = 17.3.32519.111
MinimumVisualStudioVersion = 10.0.40219.1
Project("{2150E333-8FDC-42A3-9474-1A3956D46DE8}") = "source", "source", "{33FFD854-0B4D-4920-96A6-0AAADFD1B5BF}"
EndProject
Project("{2150E333-8FDC-42A3-9474-1A3956D46DE8}") = "sample", "sample", "{FE719BA8-E77C-4377-8F64-9C737C44C817}"
EndProject
Project("{9A19103F-16F7-4668-BE54-9A1E7A4F7556}") = "SampleApp.Maui", "SampleApp.Maui\SampleApp.Maui.csproj", "{02760199-04C3-4AEC-BDA3-F22901DE7051}"
	ProjectSection(ProjectDependencies) = postProject
		{E3188076-4D16-404A-A001-13E18A77F88A} = {E3188076-4D16-404A-A001-13E18A77F88A}
	EndProjectSection
EndProject
Project("{9A19103F-16F7-4668-BE54-9A1E7A4F7556}") = "BarcodeScanner.Mobile.Maui", "BarcodeScanner.Mobile.Maui\BarcodeScanner.Mobile.Maui.csproj", "{E3188076-4D16-404A-A001-13E18A77F88A}"
EndProject
Global
	GlobalSection(SolutionConfigurationPlatforms) = preSolution
		Debug|Any CPU = Debug|Any CPU
		Debug|iPhone = Debug|iPhone
		Debug|iPhoneSimulator = Debug|iPhoneSimulator
		Release|Any CPU = Release|Any CPU
		Release|iPhone = Release|iPhone
		Release|iPhoneSimulator = Release|iPhoneSimulator
	EndGlobalSection
	GlobalSection(ProjectConfigurationPlatforms) = postSolution
		{02760199-04C3-4AEC-BDA3-F22901DE7051}.Debug|Any CPU.ActiveCfg = Debug|Any CPU
		{02760199-04C3-4AEC-BDA3-F22901DE7051}.Debug|Any CPU.Build.0 = Debug|Any CPU
		{02760199-04C3-4AEC-BDA3-F22901DE7051}.Debug|Any CPU.Deploy.0 = Debug|Any CPU
		{02760199-04C3-4AEC-BDA3-F22901DE7051}.Debug|iPhone.ActiveCfg = Debug|Any CPU
		{02760199-04C3-4AEC-BDA3-F22901DE7051}.Debug|iPhone.Build.0 = Debug|Any CPU
		{02760199-04C3-4AEC-BDA3-F22901DE7051}.Debug|iPhone.Deploy.0 = Debug|Any CPU
		{02760199-04C3-4AEC-BDA3-F22901DE7051}.Debug|iPhoneSimulator.ActiveCfg = Debug|Any CPU
		{02760199-04C3-4AEC-BDA3-F22901DE7051}.Debug|iPhoneSimulator.Build.0 = Debug|Any CPU
		{02760199-04C3-4AEC-BDA3-F22901DE7051}.Debug|iPhoneSimulator.Deploy.0 = Debug|Any CPU
		{02760199-04C3-4AEC-BDA3-F22901DE7051}.Release|Any CPU.ActiveCfg = Release|Any CPU
		{02760199-04C3-4AEC-BDA3-F22901DE7051}.Release|Any CPU.Build.0 = Release|Any CPU
		{02760199-04C3-4AEC-BDA3-F22901DE7051}.Release|Any CPU.Deploy.0 = Release|Any CPU
		{02760199-04C3-4AEC-BDA3-F22901DE7051}.Release|iPhone.ActiveCfg = Release|Any CPU
		{02760199-04C3-4AEC-BDA3-F22901DE7051}.Release|iPhone.Build.0 = Release|Any CPU
		{02760199-04C3-4AEC-BDA3-F22901DE7051}.Release|iPhone.Deploy.0 = Release|Any CPU
		{02760199-04C3-4AEC-BDA3-F22901DE7051}.Release|iPhoneSimulator.ActiveCfg = Release|Any CPU
		{02760199-04C3-4AEC-BDA3-F22901DE7051}.Release|iPhoneSimulator.Build.0 = Release|Any CPU
		{02760199-04C3-4AEC-BDA3-F22901DE7051}.Release|iPhoneSimulator.Deploy.0 = Release|Any CPU
		{E3188076-4D16-404A-A001-13E18A77F88A}.Debug|Any CPU.ActiveCfg = Debug|Any CPU
		{E3188076-4D16-404A-A001-13E18A77F88A}.Debug|Any CPU.Build.0 = Debug|Any CPU
		{E3188076-4D16-404A-A001-13E18A77F88A}.Debug|iPhone.ActiveCfg = Debug|Any CPU
		{E3188076-4D16-404A-A001-13E18A77F88A}.Debug|iPhone.Build.0 = Debug|Any CPU
		{E3188076-4D16-404A-A001-13E18A77F88A}.Debug|iPhoneSimulator.ActiveCfg = Debug|Any CPU
		{E3188076-4D16-404A-A001-13E18A77F88A}.Debug|iPhoneSimulator.Build.0 = Debug|Any CPU
		{E3188076-4D16-404A-A001-13E18A77F88A}.Release|Any CPU.ActiveCfg = Release|Any CPU
		{E3188076-4D16-404A-A001-13E18A77F88A}.Release|Any CPU.Build.0 = Release|Any CPU
		{E3188076-4D16-404A-A001-13E18A77F88A}.Release|iPhone.ActiveCfg = Release|Any CPU
		{E3188076-4D16-404A-A001-13E18A77F88A}.Release|iPhone.Build.0 = Release|Any CPU
		{E3188076-4D16-404A-A001-13E18A77F88A}.Release|iPhoneSimulator.ActiveCfg = Release|Any CPU
		{E3188076-4D16-404A-A001-13E18A77F88A}.Release|iPhoneSimulator.Build.0 = Release|Any CPU
	EndGlobalSection
	GlobalSection(SolutionProperties) = preSolution
		HideSolutionNode = FALSE
	EndGlobalSection
	GlobalSection(NestedProjects) = preSolution
		{02760199-04C3-4AEC-BDA3-F22901DE7051} = {FE719BA8-E77C-4377-8F64-9C737C44C817}
		{E3188076-4D16-404A-A001-13E18A77F88A} = {33FFD854-0B4D-4920-96A6-0AAADFD1B5BF}
	EndGlobalSection
	GlobalSection(ExtensibilityGlobals) = postSolution
		SolutionGuid = {9ED78E07-0D21-46F8-B6F9-4327309EB993}
	EndGlobalSection
EndGlobal
